
Microsoft Visual Studio Solution File, Format Version 12.00
# Visual Studio Version 17
VisualStudioVersion = 17.3.32819.101
MinimumVisualStudioVersion = 10.0.40219.1
Project("{FAE04EC0-301F-11D3-BF4B-00C04F79EFBC}") = "ToDoApp", "ToDoApp\ToDoApp.csproj", "{826973C7-A1AB-4756-B14E-6683F847D400}"
EndProject
Global
	GlobalSection(SolutionConfigurationPlatforms) = preSolution
		Debug|Any CPU = Debug|Any CPU
		Release|Any CPU = Release|Any CPU
	EndGlobalSection
	GlobalSection(ProjectConfigurationPlatforms) = postSolution
		{826973C7-A1AB-4756-B14E-6683F847D400}.Debug|Any CPU.ActiveCfg = Debug|Any CPU
		{826973C7-A1AB-4756-B14E-6683F847D400}.Debug|Any CPU.Build.0 = Debug|Any CPU
		{826973C7-A1AB-4756-B14E-6683F847D400}.Release|Any CPU.ActiveCfg = Release|Any CPU
		{826973C7-A1AB-4756-B14E-6683F847D400}.Release|Any CPU.Build.0 = Release|Any CPU
	EndGlobalSection
	GlobalSection(SolutionProperties) = preSolution
		HideSolutionNode = FALSE
	EndGlobalSection
	GlobalSection(ExtensibilityGlobals) = postSolution
		SolutionGuid = {E497E4AF-0FC6-4909-9BD1-B20F13005939}
	EndGlobalSection
EndGlobal
